
Microsoft Visual Studio Solution File, Format Version 12.00
# Visual Studio Version 17
VisualStudioVersion = 17.4.33213.308
MinimumVisualStudioVersion = 10.0.40219.1
Project("{FAE04EC0-301F-11D3-BF4B-00C04F79EFBC}") = "todoApi", "todoApi\todoApi.csproj", "{041EEDF7-22F0-43B3-80CF-6991BE5F030D}"
EndProject
Global
	GlobalSection(SolutionConfigurationPlatforms) = preSolution
		Debug|Any CPU = Debug|Any CPU
		Release|Any CPU = Release|Any CPU
	EndGlobalSection
	GlobalSection(ProjectConfigurationPlatforms) = postSolution
		{041EEDF7-22F0-43B3-80CF-6991BE5F030D}.Debug|Any CPU.ActiveCfg = Debug|Any CPU
		{041EEDF7-22F0-43B3-80CF-6991BE5F030D}.Debug|Any CPU.Build.0 = Debug|Any CPU
		{041EEDF7-22F0-43B3-80CF-6991BE5F030D}.Release|Any CPU.ActiveCfg = Release|Any CPU
		{041EEDF7-22F0-43B3-80CF-6991BE5F030D}.Release|Any CPU.Build.0 = Release|Any CPU
	EndGlobalSection
	GlobalSection(SolutionProperties) = preSolution
		HideSolutionNode = FALSE
	EndGlobalSection
	GlobalSection(ExtensibilityGlobals) = postSolution
		SolutionGuid = {D659322D-6657-40F3-B48D-718821E25848}
	EndGlobalSection
EndGlobal
